
Microsoft Visual Studio Solution File, Format Version 12.00
# Visual Studio Version 16
VisualStudioVersion = 16.0.29519.87
MinimumVisualStudioVersion = 10.0.40219.1
Project("{FAE04EC0-301F-11D3-BF4B-00C04F79EFBC}") = "CalculatorLogic", "CalculatorLogic\CalculatorLogic.csproj", "{15554D6F-9B32-47B0-A355-AC13FCA8BAC8}"
EndProject
Global
	GlobalSection(SolutionConfigurationPlatforms) = preSolution
		Debug|Any CPU = Debug|Any CPU
		Release|Any CPU = Release|Any CPU
	EndGlobalSection
	GlobalSection(ProjectConfigurationPlatforms) = postSolution
		{15554D6F-9B32-47B0-A355-AC13FCA8BAC8}.Debug|Any CPU.ActiveCfg = Debug|Any CPU
		{15554D6F-9B32-47B0-A355-AC13FCA8BAC8}.Debug|Any CPU.Build.0 = Debug|Any CPU
		{15554D6F-9B32-47B0-A355-AC13FCA8BAC8}.Release|Any CPU.ActiveCfg = Release|Any CPU
		{15554D6F-9B32-47B0-A355-AC13FCA8BAC8}.Release|Any CPU.Build.0 = Release|Any CPU
	EndGlobalSection
	GlobalSection(SolutionProperties) = preSolution
		HideSolutionNode = FALSE
	EndGlobalSection
	GlobalSection(ExtensibilityGlobals) = postSolution
		SolutionGuid = {37498DD3-F0D9-4862-A665-9787618ECF4E}
	EndGlobalSection
EndGlobal
